// !$*UTF8*$!
{
	archiveVersion = 1;
	classes = {
	};
	objectVersion = 46;
	objects = {

/* Begin PBXBuildFile section */
		0A0EDF3D1969F58100DFD058 /* RendererProtocol.swift in Sources */ = {isa = PBXBuildFile; fileRef = 0A0EDF3C1969F58100DFD058 /* RendererProtocol.swift */; };
		0A0EDF3F1969F5D300DFD058 /* ExpressionRenderer.swift in Sources */ = {isa = PBXBuildFile; fileRef = 0A0EDF3E1969F5D300DFD058 /* ExpressionRenderer.swift */; };
		0A0EDF41196A78BC00DFD058 /* TreeRenderer.swift in Sources */ = {isa = PBXBuildFile; fileRef = 0A0EDF40196A78BC00DFD058 /* TreeRenderer.swift */; };
		0A0FD6501962B34500E368E4 /* Token.swift in Sources */ = {isa = PBXBuildFile; fileRef = 0A0FD64F1962B34500E368E4 /* Token.swift */; };
		0A0FD652196368F500E368E4 /* ParserProtocol.swift in Sources */ = {isa = PBXBuildFile; fileRef = 0A0FD651196368F500E368E4 /* ParserProtocol.swift */; };
		0A0FD6541963696D00E368E4 /* LexerProtocol.swift in Sources */ = {isa = PBXBuildFile; fileRef = 0A0FD6531963696D00E368E4 /* LexerProtocol.swift */; };
		0A0FD656196369B600E368E4 /* AbstractParser.swift in Sources */ = {isa = PBXBuildFile; fileRef = 0A0FD655196369B600E368E4 /* AbstractParser.swift */; };
		0A0FD658196369E600E368E4 /* ExpressionParser.swift in Sources */ = {isa = PBXBuildFile; fileRef = 0A0FD657196369E600E368E4 /* ExpressionParser.swift */; };
		0A0FD65A19636A1C00E368E4 /* Lexer.swift in Sources */ = {isa = PBXBuildFile; fileRef = 0A0FD65919636A1C00E368E4 /* Lexer.swift */; };
		0A0FD65C19636A4300E368E4 /* ListParser.swift in Sources */ = {isa = PBXBuildFile; fileRef = 0A0FD65B19636A4300E368E4 /* ListParser.swift */; };
		0AA00ED3195AEA6D00A5412B /* main.swift in Sources */ = {isa = PBXBuildFile; fileRef = 0AA00ED2195AEA6D00A5412B /* main.swift */; };
		0AA00EDA195AEB8F00A5412B /* NodeProtocol.swift in Sources */ = {isa = PBXBuildFile; fileRef = 0AA00ED9195AEB8F00A5412B /* NodeProtocol.swift */; };
		0AA00EDD195AEC5500A5412B /* VisitorProtocol.swift in Sources */ = {isa = PBXBuildFile; fileRef = 0AA00EDC195AEC5500A5412B /* VisitorProtocol.swift */; };
		0AA00EDF195AF02D00A5412B /* ExpressionProtocol.swift in Sources */ = {isa = PBXBuildFile; fileRef = 0AA00EDE195AF02D00A5412B /* ExpressionProtocol.swift */; };
		0AA00EE3195AF78100A5412B /* PatternChildProtocol.swift in Sources */ = {isa = PBXBuildFile; fileRef = 0AA00EE2195AF78100A5412B /* PatternChildProtocol.swift */; };
		0AA00EE5195AF7B800A5412B /* EmptyExpression.swift in Sources */ = {isa = PBXBuildFile; fileRef = 0AA00EE4195AF7B800A5412B /* EmptyExpression.swift */; };
		0AA00EE7195AF82200A5412B /* AbstractPolyadicExpression.swift in Sources */ = {isa = PBXBuildFile; fileRef = 0AA00EE6195AF82200A5412B /* AbstractPolyadicExpression.swift */; };
		0AA00EE9195B0CF900A5412B /* Tag.swift in Sources */ = {isa = PBXBuildFile; fileRef = 0AA00EE8195B0CF900A5412B /* Tag.swift */; };
		0ADFB23B1965320700523FB8 /* ExpressionVisitorProtocol.swift in Sources */ = {isa = PBXBuildFile; fileRef = 0ADFB23A1965320700523FB8 /* ExpressionVisitorProtocol.swift */; };
		0ADFB23D1965323B00523FB8 /* PatternChildVisitorProtocol.swift in Sources */ = {isa = PBXBuildFile; fileRef = 0ADFB23C1965323B00523FB8 /* PatternChildVisitorProtocol.swift */; };
		0AEE9016195E6ACF00039C77 /* AbstractExpression.swift in Sources */ = {isa = PBXBuildFile; fileRef = 0AEE9015195E6ACF00039C77 /* AbstractExpression.swift */; };
		0AEE9018195E6E1300039C77 /* LogicalAnd.swift in Sources */ = {isa = PBXBuildFile; fileRef = 0AEE9017195E6E1300039C77 /* LogicalAnd.swift */; };
		0AEE901A195E6E2300039C77 /* LogicalNot.swift in Sources */ = {isa = PBXBuildFile; fileRef = 0AEE9019195E6E2300039C77 /* LogicalNot.swift */; };
		0AEE901C195E6E3000039C77 /* LogicalOr.swift in Sources */ = {isa = PBXBuildFile; fileRef = 0AEE901B195E6E3000039C77 /* LogicalOr.swift */; };
		0AF6DB24196222E000744B37 /* Pattern.swift in Sources */ = {isa = PBXBuildFile; fileRef = 0AF6DB23196222E000744B37 /* Pattern.swift */; };
		0AFC39C51960BA3F00A9676E /* PatternLiteral.swift in Sources */ = {isa = PBXBuildFile; fileRef = 0AFC39C41960BA3F00A9676E /* PatternLiteral.swift */; };
		0AFC39C71960BC6300A9676E /* PatternWildcard.swift in Sources */ = {isa = PBXBuildFile; fileRef = 0AFC39C61960BC6300A9676E /* PatternWildcard.swift */; };
		0AFC39CA1960BDF800A9676E /* EvaluationResult.swift in Sources */ = {isa = PBXBuildFile; fileRef = 0AFC39C91960BDF800A9676E /* EvaluationResult.swift */; };
		0AFC39CC1960BE2100A9676E /* Evaluator.swift in Sources */ = {isa = PBXBuildFile; fileRef = 0AFC39CB1960BE2100A9676E /* Evaluator.swift */; };
		0AFC39CE1960BE4B00A9676E /* EvaluatorProtocol.swift in Sources */ = {isa = PBXBuildFile; fileRef = 0AFC39CD1960BE4B00A9676E /* EvaluatorProtocol.swift */; };
		0AFC39D01960BEC800A9676E /* ExpressionResult.swift in Sources */ = {isa = PBXBuildFile; fileRef = 0AFC39CF1960BEC800A9676E /* ExpressionResult.swift */; };
/* End PBXBuildFile section */

/* Begin PBXCopyFilesBuildPhase section */
		0AA00ECD195AEA6D00A5412B /* CopyFiles */ = {
			isa = PBXCopyFilesBuildPhase;
			buildActionMask = 2147483647;
			dstPath = /usr/share/man/man1/;
			dstSubfolderSpec = 0;
			files = (
			);
			runOnlyForDeploymentPostprocessing = 1;
		};
/* End PBXCopyFilesBuildPhase section */

/* Begin PBXFileReference section */
		0A0EDF3C1969F58100DFD058 /* RendererProtocol.swift */ = {isa = PBXFileReference; fileEncoding = 4; lastKnownFileType = sourcecode.swift; name = RendererProtocol.swift; path = Renderer/RendererProtocol.swift; sourceTree = "<group>"; };
		0A0EDF3E1969F5D300DFD058 /* ExpressionRenderer.swift */ = {isa = PBXFileReference; fileEncoding = 4; lastKnownFileType = sourcecode.swift; name = ExpressionRenderer.swift; path = Renderer/ExpressionRenderer.swift; sourceTree = "<group>"; };
		0A0EDF40196A78BC00DFD058 /* TreeRenderer.swift */ = {isa = PBXFileReference; fileEncoding = 4; lastKnownFileType = sourcecode.swift; name = TreeRenderer.swift; path = Renderer/TreeRenderer.swift; sourceTree = "<group>"; };
		0A0FD64F1962B34500E368E4 /* Token.swift */ = {isa = PBXFileReference; fileEncoding = 4; lastKnownFileType = sourcecode.swift; name = Token.swift; path = Parser/Token.swift; sourceTree = "<group>"; };
		0A0FD651196368F500E368E4 /* ParserProtocol.swift */ = {isa = PBXFileReference; fileEncoding = 4; lastKnownFileType = sourcecode.swift; name = ParserProtocol.swift; path = Parser/ParserProtocol.swift; sourceTree = "<group>"; };
		0A0FD6531963696D00E368E4 /* LexerProtocol.swift */ = {isa = PBXFileReference; fileEncoding = 4; lastKnownFileType = sourcecode.swift; name = LexerProtocol.swift; path = Parser/LexerProtocol.swift; sourceTree = "<group>"; };
		0A0FD655196369B600E368E4 /* AbstractParser.swift */ = {isa = PBXFileReference; fileEncoding = 4; lastKnownFileType = sourcecode.swift; name = AbstractParser.swift; path = Parser/AbstractParser.swift; sourceTree = "<group>"; };
		0A0FD657196369E600E368E4 /* ExpressionParser.swift */ = {isa = PBXFileReference; fileEncoding = 4; lastKnownFileType = sourcecode.swift; name = ExpressionParser.swift; path = Parser/ExpressionParser.swift; sourceTree = "<group>"; };
		0A0FD65919636A1C00E368E4 /* Lexer.swift */ = {isa = PBXFileReference; fileEncoding = 4; lastKnownFileType = sourcecode.swift; name = Lexer.swift; path = Parser/Lexer.swift; sourceTree = "<group>"; };
		0A0FD65B19636A4300E368E4 /* ListParser.swift */ = {isa = PBXFileReference; fileEncoding = 4; lastKnownFileType = sourcecode.swift; name = ListParser.swift; path = Parser/ListParser.swift; sourceTree = "<group>"; };
		0AA00ECF195AEA6D00A5412B /* Dialekt-Test */ = {isa = PBXFileReference; explicitFileType = "compiled.mach-o.executable"; includeInIndex = 0; path = "Dialekt-Test"; sourceTree = BUILT_PRODUCTS_DIR; };
		0AA00ED2195AEA6D00A5412B /* main.swift */ = {isa = PBXFileReference; lastKnownFileType = sourcecode.swift; path = main.swift; sourceTree = "<group>"; };
		0AA00ED9195AEB8F00A5412B /* NodeProtocol.swift */ = {isa = PBXFileReference; fileEncoding = 4; lastKnownFileType = sourcecode.swift; name = NodeProtocol.swift; path = AST/NodeProtocol.swift; sourceTree = "<group>"; };
		0AA00EDC195AEC5500A5412B /* VisitorProtocol.swift */ = {isa = PBXFileReference; fileEncoding = 4; lastKnownFileType = sourcecode.swift; name = VisitorProtocol.swift; path = AST/VisitorProtocol.swift; sourceTree = "<group>"; };
		0AA00EDE195AF02D00A5412B /* ExpressionProtocol.swift */ = {isa = PBXFileReference; fileEncoding = 4; lastKnownFileType = sourcecode.swift; name = ExpressionProtocol.swift; path = AST/ExpressionProtocol.swift; sourceTree = "<group>"; };
		0AA00EE2195AF78100A5412B /* PatternChildProtocol.swift */ = {isa = PBXFileReference; fileEncoding = 4; lastKnownFileType = sourcecode.swift; name = PatternChildProtocol.swift; path = AST/PatternChildProtocol.swift; sourceTree = "<group>"; };
		0AA00EE4195AF7B800A5412B /* EmptyExpression.swift */ = {isa = PBXFileReference; fileEncoding = 4; lastKnownFileType = sourcecode.swift; name = EmptyExpression.swift; path = AST/EmptyExpression.swift; sourceTree = "<group>"; };
		0AA00EE6195AF82200A5412B /* AbstractPolyadicExpression.swift */ = {isa = PBXFileReference; fileEncoding = 4; lastKnownFileType = sourcecode.swift; name = AbstractPolyadicExpression.swift; path = AST/AbstractPolyadicExpression.swift; sourceTree = "<group>"; };
		0AA00EE8195B0CF900A5412B /* Tag.swift */ = {isa = PBXFileReference; fileEncoding = 4; lastKnownFileType = sourcecode.swift; name = Tag.swift; path = AST/Tag.swift; sourceTree = "<group>"; };
		0ADFB23A1965320700523FB8 /* ExpressionVisitorProtocol.swift */ = {isa = PBXFileReference; fileEncoding = 4; lastKnownFileType = sourcecode.swift; name = ExpressionVisitorProtocol.swift; path = AST/ExpressionVisitorProtocol.swift; sourceTree = "<group>"; };
		0ADFB23C1965323B00523FB8 /* PatternChildVisitorProtocol.swift */ = {isa = PBXFileReference; fileEncoding = 4; lastKnownFileType = sourcecode.swift; name = PatternChildVisitorProtocol.swift; path = AST/PatternChildVisitorProtocol.swift; sourceTree = "<group>"; };
		0AEE9015195E6ACF00039C77 /* AbstractExpression.swift */ = {isa = PBXFileReference; fileEncoding = 4; lastKnownFileType = sourcecode.swift; name = AbstractExpression.swift; path = AST/AbstractExpression.swift; sourceTree = "<group>"; };
		0AEE9017195E6E1300039C77 /* LogicalAnd.swift */ = {isa = PBXFileReference; fileEncoding = 4; lastKnownFileType = sourcecode.swift; name = LogicalAnd.swift; path = AST/LogicalAnd.swift; sourceTree = "<group>"; };
		0AEE9019195E6E2300039C77 /* LogicalNot.swift */ = {isa = PBXFileReference; fileEncoding = 4; lastKnownFileType = sourcecode.swift; name = LogicalNot.swift; path = AST/LogicalNot.swift; sourceTree = "<group>"; };
		0AEE901B195E6E3000039C77 /* LogicalOr.swift */ = {isa = PBXFileReference; fileEncoding = 4; lastKnownFileType = sourcecode.swift; name = LogicalOr.swift; path = AST/LogicalOr.swift; sourceTree = "<group>"; };
		0AF6DB23196222E000744B37 /* Pattern.swift */ = {isa = PBXFileReference; fileEncoding = 4; lastKnownFileType = sourcecode.swift; name = Pattern.swift; path = AST/Pattern.swift; sourceTree = "<group>"; };
		0AFC39C41960BA3F00A9676E /* PatternLiteral.swift */ = {isa = PBXFileReference; fileEncoding = 4; lastKnownFileType = sourcecode.swift; name = PatternLiteral.swift; path = AST/PatternLiteral.swift; sourceTree = "<group>"; };
		0AFC39C61960BC6300A9676E /* PatternWildcard.swift */ = {isa = PBXFileReference; fileEncoding = 4; lastKnownFileType = sourcecode.swift; name = PatternWildcard.swift; path = AST/PatternWildcard.swift; sourceTree = "<group>"; };
		0AFC39C91960BDF800A9676E /* EvaluationResult.swift */ = {isa = PBXFileReference; fileEncoding = 4; lastKnownFileType = sourcecode.swift; name = EvaluationResult.swift; path = Evaluator/EvaluationResult.swift; sourceTree = "<group>"; };
		0AFC39CB1960BE2100A9676E /* Evaluator.swift */ = {isa = PBXFileReference; fileEncoding = 4; lastKnownFileType = sourcecode.swift; name = Evaluator.swift; path = Evaluator/Evaluator.swift; sourceTree = "<group>"; };
		0AFC39CD1960BE4B00A9676E /* EvaluatorProtocol.swift */ = {isa = PBXFileReference; fileEncoding = 4; lastKnownFileType = sourcecode.swift; name = EvaluatorProtocol.swift; path = Evaluator/EvaluatorProtocol.swift; sourceTree = "<group>"; };
		0AFC39CF1960BEC800A9676E /* ExpressionResult.swift */ = {isa = PBXFileReference; fileEncoding = 4; lastKnownFileType = sourcecode.swift; name = ExpressionResult.swift; path = Evaluator/ExpressionResult.swift; sourceTree = "<group>"; };
/* End PBXFileReference section */

/* Begin PBXFrameworksBuildPhase section */
		0AA00ECC195AEA6D00A5412B /* Frameworks */ = {
			isa = PBXFrameworksBuildPhase;
			buildActionMask = 2147483647;
			files = (
			);
			runOnlyForDeploymentPostprocessing = 0;
		};
/* End PBXFrameworksBuildPhase section */

/* Begin PBXGroup section */
		0A0EDF3B1969F51700DFD058 /* Renderer */ = {
			isa = PBXGroup;
			children = (
				0A0EDF3C1969F58100DFD058 /* RendererProtocol.swift */,
				0A0EDF3E1969F5D300DFD058 /* ExpressionRenderer.swift */,
				0A0EDF40196A78BC00DFD058 /* TreeRenderer.swift */,
			);
			name = Renderer;
			sourceTree = "<group>";
		};
		0A0FD64E1962B32800E368E4 /* Parser */ = {
			isa = PBXGroup;
			children = (
				0A0FD655196369B600E368E4 /* AbstractParser.swift */,
				0A0FD657196369E600E368E4 /* ExpressionParser.swift */,
				0A0FD65919636A1C00E368E4 /* Lexer.swift */,
				0A0FD6531963696D00E368E4 /* LexerProtocol.swift */,
				0A0FD65B19636A4300E368E4 /* ListParser.swift */,
				0A0FD651196368F500E368E4 /* ParserProtocol.swift */,
				0A0FD64F1962B34500E368E4 /* Token.swift */,
			);
			name = Parser;
			sourceTree = "<group>";
		};
		0AA00EC6195AEA6D00A5412B = {
			isa = PBXGroup;
			children = (
				0AA00ED1195AEA6D00A5412B /* Dialekt-Test */,
				0AA00ED0195AEA6D00A5412B /* Products */,
			);
			sourceTree = "<group>";
		};
		0AA00ED0195AEA6D00A5412B /* Products */ = {
			isa = PBXGroup;
			children = (
				0AA00ECF195AEA6D00A5412B /* Dialekt-Test */,
			);
			name = Products;
			sourceTree = "<group>";
		};
		0AA00ED1195AEA6D00A5412B /* Dialekt-Test */ = {
			isa = PBXGroup;
			children = (
				0AA00ED2195AEA6D00A5412B /* main.swift */,
				0AA00EDB195AEB9C00A5412B /* AST */,
				0AFC39C81960BDC000A9676E /* Evaluator */,
				0A0FD64E1962B32800E368E4 /* Parser */,
				0A0EDF3B1969F51700DFD058 /* Renderer */,
			);
			path = "Dialekt-Test";
			sourceTree = "<group>";
		};
		0AA00EDB195AEB9C00A5412B /* AST */ = {
			isa = PBXGroup;
			children = (
				0AEE9015195E6ACF00039C77 /* AbstractExpression.swift */,
				0AA00EE6195AF82200A5412B /* AbstractPolyadicExpression.swift */,
				0AA00EE4195AF7B800A5412B /* EmptyExpression.swift */,
				0AA00EDE195AF02D00A5412B /* ExpressionProtocol.swift */,
				0ADFB23A1965320700523FB8 /* ExpressionVisitorProtocol.swift */,
				0AEE9017195E6E1300039C77 /* LogicalAnd.swift */,
				0AEE9019195E6E2300039C77 /* LogicalNot.swift */,
				0AEE901B195E6E3000039C77 /* LogicalOr.swift */,
				0AA00ED9195AEB8F00A5412B /* NodeProtocol.swift */,
				0AF6DB23196222E000744B37 /* Pattern.swift */,
				0AA00EE2195AF78100A5412B /* PatternChildProtocol.swift */,
				0ADFB23C1965323B00523FB8 /* PatternChildVisitorProtocol.swift */,
				0AFC39C41960BA3F00A9676E /* PatternLiteral.swift */,
				0AFC39C61960BC6300A9676E /* PatternWildcard.swift */,
				0AA00EE8195B0CF900A5412B /* Tag.swift */,
				0AA00EDC195AEC5500A5412B /* VisitorProtocol.swift */,
			);
			name = AST;
			sourceTree = "<group>";
		};
		0AFC39C81960BDC000A9676E /* Evaluator */ = {
			isa = PBXGroup;
			children = (
				0AFC39C91960BDF800A9676E /* EvaluationResult.swift */,
				0AFC39CB1960BE2100A9676E /* Evaluator.swift */,
				0AFC39CD1960BE4B00A9676E /* EvaluatorProtocol.swift */,
				0AFC39CF1960BEC800A9676E /* ExpressionResult.swift */,
			);
			name = Evaluator;
			sourceTree = "<group>";
		};
/* End PBXGroup section */

/* Begin PBXNativeTarget section */
		0AA00ECE195AEA6D00A5412B /* Dialekt-Test */ = {
			isa = PBXNativeTarget;
			buildConfigurationList = 0AA00ED6195AEA6D00A5412B /* Build configuration list for PBXNativeTarget "Dialekt-Test" */;
			buildPhases = (
				0AA00ECB195AEA6D00A5412B /* Sources */,
				0AA00ECC195AEA6D00A5412B /* Frameworks */,
				0AA00ECD195AEA6D00A5412B /* CopyFiles */,
			);
			buildRules = (
			);
			dependencies = (
			);
			name = "Dialekt-Test";
			productName = "Dialekt-Test";
			productReference = 0AA00ECF195AEA6D00A5412B /* Dialekt-Test */;
			productType = "com.apple.product-type.tool";
		};
/* End PBXNativeTarget section */

/* Begin PBXProject section */
		0AA00EC7195AEA6D00A5412B /* Project object */ = {
			isa = PBXProject;
			attributes = {
				LastUpgradeCheck = 0600;
				ORGANIZATIONNAME = "Kevin Millar";
				TargetAttributes = {
					0AA00ECE195AEA6D00A5412B = {
						CreatedOnToolsVersion = 6.0;
					};
				};
			};
			buildConfigurationList = 0AA00ECA195AEA6D00A5412B /* Build configuration list for PBXProject "Dialekt-Test" */;
			compatibilityVersion = "Xcode 3.2";
			developmentRegion = English;
			hasScannedForEncodings = 0;
			knownRegions = (
				en,
			);
			mainGroup = 0AA00EC6195AEA6D00A5412B;
			productRefGroup = 0AA00ED0195AEA6D00A5412B /* Products */;
			projectDirPath = "";
			projectRoot = "";
			targets = (
				0AA00ECE195AEA6D00A5412B /* Dialekt-Test */,
			);
		};
/* End PBXProject section */

/* Begin PBXSourcesBuildPhase section */
		0AA00ECB195AEA6D00A5412B /* Sources */ = {
			isa = PBXSourcesBuildPhase;
			buildActionMask = 2147483647;
			files = (
				0A0EDF3D1969F58100DFD058 /* RendererProtocol.swift in Sources */,
				0ADFB23B1965320700523FB8 /* ExpressionVisitorProtocol.swift in Sources */,
				0A0EDF3F1969F5D300DFD058 /* ExpressionRenderer.swift in Sources */,
				0AA00EE9195B0CF900A5412B /* Tag.swift in Sources */,
				0AFC39C51960BA3F00A9676E /* PatternLiteral.swift in Sources */,
				0AEE9018195E6E1300039C77 /* LogicalAnd.swift in Sources */,
				0AF6DB24196222E000744B37 /* Pattern.swift in Sources */,
				0AA00EDD195AEC5500A5412B /* VisitorProtocol.swift in Sources */,
				0AA00EE7195AF82200A5412B /* AbstractPolyadicExpression.swift in Sources */,
				0A0EDF41196A78BC00DFD058 /* TreeRenderer.swift in Sources */,
				0AA00EE5195AF7B800A5412B /* EmptyExpression.swift in Sources */,
				0AEE901A195E6E2300039C77 /* LogicalNot.swift in Sources */,
				0AFC39CA1960BDF800A9676E /* EvaluationResult.swift in Sources */,
				0AFC39CE1960BE4B00A9676E /* EvaluatorProtocol.swift in Sources */,
				0AA00EDF195AF02D00A5412B /* ExpressionProtocol.swift in Sources */,
				0ADFB23D1965323B00523FB8 /* PatternChildVisitorProtocol.swift in Sources */,
				0A0FD6501962B34500E368E4 /* Token.swift in Sources */,
				0A0FD6541963696D00E368E4 /* LexerProtocol.swift in Sources */,
				0AFC39C71960BC6300A9676E /* PatternWildcard.swift in Sources */,
				0AA00ED3195AEA6D00A5412B /* main.swift in Sources */,
				0A0FD652196368F500E368E4 /* ParserProtocol.swift in Sources */,
				0AFC39D01960BEC800A9676E /* ExpressionResult.swift in Sources */,
				0A0FD656196369B600E368E4 /* AbstractParser.swift in Sources */,
				0AA00EDA195AEB8F00A5412B /* NodeProtocol.swift in Sources */,
				0A0FD65A19636A1C00E368E4 /* Lexer.swift in Sources */,
				0AEE9016195E6ACF00039C77 /* AbstractExpression.swift in Sources */,
				0AFC39CC1960BE2100A9676E /* Evaluator.swift in Sources */,
				0A0FD65C19636A4300E368E4 /* ListParser.swift in Sources */,
				0AEE901C195E6E3000039C77 /* LogicalOr.swift in Sources */,
				0A0FD658196369E600E368E4 /* ExpressionParser.swift in Sources */,
				0AA00EE3195AF78100A5412B /* PatternChildProtocol.swift in Sources */,
			);
			runOnlyForDeploymentPostprocessing = 0;
		};
/* End PBXSourcesBuildPhase section */

/* Begin XCBuildConfiguration section */
		0AA00ED4195AEA6D00A5412B /* Debug */ = {
			isa = XCBuildConfiguration;
			buildSettings = {
				ALWAYS_SEARCH_USER_PATHS = NO;
				CLANG_CXX_LANGUAGE_STANDARD = "gnu++0x";
				CLANG_CXX_LIBRARY = "libc++";
				CLANG_ENABLE_MODULES = YES;
				CLANG_ENABLE_OBJC_ARC = YES;
				CLANG_WARN_BOOL_CONVERSION = YES;
				CLANG_WARN_CONSTANT_CONVERSION = YES;
				CLANG_WARN_DIRECT_OBJC_ISA_USAGE = YES_ERROR;
				CLANG_WARN_EMPTY_BODY = YES;
				CLANG_WARN_ENUM_CONVERSION = YES;
				CLANG_WARN_INT_CONVERSION = YES;
				CLANG_WARN_OBJC_ROOT_CLASS = YES_ERROR;
				CLANG_WARN_UNREACHABLE_CODE = YES;
				CLANG_WARN__DUPLICATE_METHOD_MATCH = YES;
				COPY_PHASE_STRIP = NO;
				ENABLE_STRICT_OBJC_MSGSEND = YES;
				GCC_C_LANGUAGE_STANDARD = gnu99;
				GCC_DYNAMIC_NO_PIC = NO;
				GCC_OPTIMIZATION_LEVEL = 0;
				GCC_PREPROCESSOR_DEFINITIONS = (
					"DEBUG=1",
					"$(inherited)",
				);
				GCC_SYMBOLS_PRIVATE_EXTERN = NO;
				GCC_WARN_64_TO_32_BIT_CONVERSION = YES;
				GCC_WARN_ABOUT_RETURN_TYPE = YES_ERROR;
				GCC_WARN_UNDECLARED_SELECTOR = YES;
				GCC_WARN_UNINITIALIZED_AUTOS = YES_AGGRESSIVE;
				GCC_WARN_UNUSED_FUNCTION = YES;
				GCC_WARN_UNUSED_VARIABLE = YES;
				MACOSX_DEPLOYMENT_TARGET = 10.9;
				METAL_ENABLE_DEBUG_INFO = YES;
				ONLY_ACTIVE_ARCH = YES;
				SDKROOT = macosx;
				SWIFT_OPTIMIZATION_LEVEL = "-Onone";
			};
			name = Debug;
		};
		0AA00ED5195AEA6D00A5412B /* Release */ = {
			isa = XCBuildConfiguration;
			buildSettings = {
				ALWAYS_SEARCH_USER_PATHS = NO;
				CLANG_CXX_LANGUAGE_STANDARD = "gnu++0x";
				CLANG_CXX_LIBRARY = "libc++";
				CLANG_ENABLE_MODULES = YES;
				CLANG_ENABLE_OBJC_ARC = YES;
				CLANG_WARN_BOOL_CONVERSION = YES;
				CLANG_WARN_CONSTANT_CONVERSION = YES;
				CLANG_WARN_DIRECT_OBJC_ISA_USAGE = YES_ERROR;
				CLANG_WARN_EMPTY_BODY = YES;
				CLANG_WARN_ENUM_CONVERSION = YES;
				CLANG_WARN_INT_CONVERSION = YES;
				CLANG_WARN_OBJC_ROOT_CLASS = YES_ERROR;
				CLANG_WARN_UNREACHABLE_CODE = YES;
				CLANG_WARN__DUPLICATE_METHOD_MATCH = YES;
				COPY_PHASE_STRIP = YES;
				DEBUG_INFORMATION_FORMAT = "dwarf-with-dsym";
				ENABLE_NS_ASSERTIONS = NO;
				ENABLE_STRICT_OBJC_MSGSEND = YES;
				GCC_C_LANGUAGE_STANDARD = gnu99;
				GCC_WARN_64_TO_32_BIT_CONVERSION = YES;
				GCC_WARN_ABOUT_RETURN_TYPE = YES_ERROR;
				GCC_WARN_UNDECLARED_SELECTOR = YES;
				GCC_WARN_UNINITIALIZED_AUTOS = YES_AGGRESSIVE;
				GCC_WARN_UNUSED_FUNCTION = YES;
				GCC_WARN_UNUSED_VARIABLE = YES;
				MACOSX_DEPLOYMENT_TARGET = 10.9;
				METAL_ENABLE_DEBUG_INFO = NO;
				SDKROOT = macosx;
			};
			name = Release;
		};
		0AA00ED7195AEA6D00A5412B /* Debug */ = {
			isa = XCBuildConfiguration;
			buildSettings = {
				PRODUCT_NAME = "$(TARGET_NAME)";
			};
			name = Debug;
		};
		0AA00ED8195AEA6D00A5412B /* Release */ = {
			isa = XCBuildConfiguration;
			buildSettings = {
				PRODUCT_NAME = "$(TARGET_NAME)";
			};
			name = Release;
		};
/* End XCBuildConfiguration section */

/* Begin XCConfigurationList section */
		0AA00ECA195AEA6D00A5412B /* Build configuration list for PBXProject "Dialekt-Test" */ = {
			isa = XCConfigurationList;
			buildConfigurations = (
				0AA00ED4195AEA6D00A5412B /* Debug */,
				0AA00ED5195AEA6D00A5412B /* Release */,
			);
			defaultConfigurationIsVisible = 0;
			defaultConfigurationName = Release;
		};
		0AA00ED6195AEA6D00A5412B /* Build configuration list for PBXNativeTarget "Dialekt-Test" */ = {
			isa = XCConfigurationList;
			buildConfigurations = (
				0AA00ED7195AEA6D00A5412B /* Debug */,
				0AA00ED8195AEA6D00A5412B /* Release */,
			);
			defaultConfigurationIsVisible = 0;
			defaultConfigurationName = Release;
		};
/* End XCConfigurationList section */
	};
	rootObject = 0AA00EC7195AEA6D00A5412B /* Project object */;
}
